lockfileVersion: '6.0'

settings:
  autoInstallPeers: true
  excludeLinksFromLockfile: false

dependencies:
  discord.js:
    specifier: ^12.2.0
    version: 12.2.0
  rss-feed-emitter:
    specifier: ^3.1.2
    version: 3.1.2

packages:

  /@discordjs/collection@0.1.5:
    resolution: {integrity: sha512-CU1q0UXQUpFNzNB7gufgoisDHP7n+T3tkqTsp3MNUkVJ5+hS3BCvME8uCXAUFlz+6T2FbTCu75A+yQ7HMKqRKw==}
    dev: false

  /@discordjs/form-data@3.0.1:
    resolution: {integrity: sha512-ZfFsbgEXW71Rw/6EtBdrP5VxBJy4dthyC0tpQKGKmYFImlmmrykO14Za+BiIVduwjte0jXEBlhSKf0MWbFp9Eg==}
    engines: {node: '>= 6'}
    dependencies:
      asynckit: 0.4.0
      combined-stream: 1.0.8
      mime-types: 2.1.27
    dev: false

  /abort-controller@3.0.0:
    resolution: {integrity: sha512-h8lQ8tacZYnR3vNQTgibj+tODHI5/+l06Au2Pcriv/Gmet0eaj4TwWH41sO9wnHDiQsEj19q0drzdWdeAHtweg==}
    engines: {node: '>=6.5'}
    dependencies:
      event-target-shim: 5.0.1
    dev: false

  /addressparser@0.1.3:
    resolution: {integrity: sha1-npq0PSV+GueE4d9fWAyfUkD1iHQ=}
    dev: false

  /ajv@6.12.6:
    resolution: {integrity: sha512-j3fVLgvTo527anyYyJOGTYJbG+vnnQYvE0m5mmkc1TK+nxAppkCLMIL0aZ4dblVCNoGShhm+kzE4ZUykBoMg4g==}
    dependencies:
      fast-deep-equal: 3.1.1
      fast-json-stable-stringify: 2.1.0
      json-schema-traverse: 0.4.1
      uri-js: 4.2.2
    dev: false

  /array-indexofobject@0.0.1:
    resolution: {integrity: sha1-qqEo5iybPDWAlFaMIZ/2T+SJ1Co=}
    dev: false

  /asn1@0.2.4:
    resolution: {integrity: sha512-jxwzQpLQjSmWXgwaCZE9Nz+glAG01yF1QnWgbhGwHI5A6FRIEY6IVqtHhIepHqI7/kyEyQEagBC5mBEFlIYvdg==}
    dependencies:
      safer-buffer: 2.1.2
    dev: false

  /assert-plus@1.0.0:
    resolution: {integrity: sha1-8S4PPF13sLHN2RRpQuTpbB5N1SU=}
    engines: {node: '>=0.8'}
    dev: false

  /asynckit@0.4.0:
    resolution: {integrity: sha1-x57Zf380y48robyXkLzDZkdLS3k=}
    dev: false

  /aws-sign2@0.7.0:
    resolution: {integrity: sha1-tG6JCTSpWR8tL2+G1+ap8bP+dqg=}
    dev: false

  /aws4@1.10.0:
    resolution: {integrity: sha512-3YDiu347mtVtjpyV3u5kVqQLP242c06zwDOgpeRnybmXlYYsLbtTrUBUm8i8srONt+FWobl5aibnU1030PeeuA==}
    dev: false

  /bcrypt-pbkdf@1.0.2:
    resolution: {integrity: sha1-pDAdOJtqQ/m2f/PKEaP2Y342Dp4=}
    dependencies:
      tweetnacl: 0.14.5
    dev: false

  /caseless@0.12.0:
    resolution: {integrity: sha1-G2gcIf+EAzyCZUMJBolCDRhxUdw=}
    dev: false

  /combined-stream@1.0.8:
    resolution: {integrity: sha512-FQN4MRfuJeHf7cBbBMJFXhKSDq+2kAArBlmRBvcvFE5BB1HZKXtSFASDhdlz9zOYwxh8lDdnvmMOe/+5cdoEdg==}
    engines: {node: '>= 0.8'}
    dependencies:
      delayed-stream: 1.0.0
    dev: false

  /core-util-is@1.0.2:
    resolution: {integrity: sha1-tf1UIgqivFq1eqtxQMlAdUUDwac=}
    dev: false

  /dashdash@1.14.1:
    resolution: {integrity: sha1-hTz6D3y+L+1d4gMmuN1YEDX24vA=}
    engines: {node: '>=0.10'}
    dependencies:
      assert-plus: 1.0.0
    dev: false

  /delayed-stream@1.0.0:
    resolution: {integrity: sha1-3zrhmayt+31ECqrgsp4icrJOxhk=}
    engines: {node: '>=0.4.0'}
    dev: false

  /discord.js@12.2.0:
    resolution: {integrity: sha512-Ueb/0SOsxXyqwvwFYFe0msMrGqH1OMqpp2Dpbplnlr4MzcRrFWwsBM9gKNZXPVBHWUKiQkwU8AihXBXIvTTSvg==}
    engines: {node: '>=12.0.0'}
    peerDependencies:
      bufferutil: ^4.0.1
      erlpack: discordapp/erlpack
      libsodium-wrappers: ^0.7.6
      sodium: ^3.0.2
      utf-8-validate: ^5.0.2
      zlib-sync: ^0.1.6
    peerDependenciesMeta:
      bufferutil:
        optional: true
      erlpack:
        optional: true
      libsodium-wrappers:
        optional: true
      sodium:
        optional: true
      utf-8-validate:
        optional: true
      zlib-sync:
        optional: true
    dependencies:
      '@discordjs/collection': 0.1.5
      '@discordjs/form-data': 3.0.1
      abort-controller: 3.0.0
      node-fetch: 2.6.0
      prism-media: 1.2.2
      setimmediate: 1.0.5
      tweetnacl: 1.0.3
      ws: 7.3.0
    transitivePeerDependencies:
      - '@discordjs/opus'
      - ffmpeg-static
      - node-opus
      - opusscript
    dev: false

  /ecc-jsbn@0.1.2:
    resolution: {integrity: sha1-OoOpBOVDUyh4dMVkt1SThoSamMk=}
    dependencies:
      jsbn: 0.1.1
      safer-buffer: 2.1.2
    dev: false

  /event-target-shim@5.0.1:
    resolution: {integrity: sha512-i/2XbnSz/uxRCU6+NdVJgKWDTM427+MqYbkQzD321DuCQJUqOuJKIA0IM2+W2xtYHdKOmZ4dR6fExsd4SXL+WQ==}
    engines: {node: '>=6'}
    dev: false

  /extend@3.0.2:
    resolution: {integrity: sha512-fjquC59cD7CyW6urNXK0FBufkZcoiGG80wTuPujX590cB5Ttln20E2UB4S/WARVqhXffZl2LNgS+gQdPIIim/g==}
    dev: false

  /extsprintf@1.3.0:
    resolution: {integrity: sha1-lpGEQOMEGnpBT4xS48V06zw+HgU=}
    engines: {'0': node >=0.6.0}
    dev: false

  /fast-deep-equal@3.1.1:
    resolution: {integrity: sha512-8UEa58QDLauDNfpbrX55Q9jrGHThw2ZMdOky5Gl1CDtVeJDPVrG4Jxx1N8jw2gkWaff5UUuX1KJd+9zGe2B+ZA==}
    dev: false

  /fast-json-stable-stringify@2.1.0:
    resolution: {integrity: sha512-lhd/wF+Lk98HZoTCtlVraHtfh5XYijIjalXck7saUtuanSDyLMxnHhSXEDJqHxD7msR8D0uCmqlkwjCV8xvwHw==}
    dev: false

  /feedparser@1.1.4:
    resolution: {integrity: sha1-F4Rb6ErT/NmG2u4S/kIfi1TfDe8=}
    engines: {node: '>= 0.10.0'}
    dependencies:
      addressparser: 0.1.3
      array-indexofobject: 0.0.1
      readable-stream: 1.0.34
      sax: 0.6.1
    dev: false

  /forever-agent@0.6.1:
    resolution: {integrity: sha1-+8cfDEGt6zf5bFd60e1C2P2sypE=}
    dev: false

  /form-data@2.3.3:
    resolution: {integrity: sha512-1lLKB2Mu3aGP1Q/2eCOx0fNbRMe7XdwktwOruhfqqd0rIJWwN4Dh+E3hrPSlDCXnSR7UtZ1N38rVXm+6+MEhJQ==}
    engines: {node: '>= 0.12'}
    dependencies:
      asynckit: 0.4.0
      combined-stream: 1.0.8
      mime-types: 2.1.27
    dev: false

  /getpass@0.1.7:
    resolution: {integrity: sha1-Xv+OPmhNVprkyysSgmBOi6YhSfo=}
    dependencies:
      assert-plus: 1.0.0
    dev: false

  /har-schema@2.0.0:
    resolution: {integrity: sha1-qUwiJOvKwEeCoNkDVSHyRzW37JI=}
    engines: {node: '>=4'}
    dev: false

  /har-validator@5.1.3:
    resolution: {integrity: sha512-sNvOCzEQNr/qrvJgc3UG/kD4QtlHycrzwS+6mfTrrSq97BvaYcPZZI1ZSqGSPR73Cxn4LKTD4PttRwfU7jWq5g==}
    engines: {node: '>=6'}
    dependencies:
      ajv: 6.12.6
      har-schema: 2.0.0
    dev: false

  /http-signature@1.2.0:
    resolution: {integrity: sha1-muzZJRFHcvPZW2WmCruPfBj7rOE=}
    engines: {node: '>=0.8', npm: '>=1.3.7'}
    dependencies:
      assert-plus: 1.0.0
      jsprim: 1.4.1
      sshpk: 1.16.1
    dev: false

  /inherits@2.0.4:
    resolution: {integrity: sha512-k/vGaX4/Yla3WzyMCvTQOXYeIHvqOKtnqBduzTHpzpQZzAskKMhZ2K+EnBiSM9zGSoIFeMpXKxa4dYeZIQqewQ==}
    dev: false

  /is-typedarray@1.0.0:
    resolution: {integrity: sha1-5HnICFjfDBsR3dppQPlgEfzaSpo=}
    dev: false

  /isarray@0.0.1:
    resolution: {integrity: sha1-ihis/Kmo9Bd+Cav8YDiTmwXR7t8=}
    dev: false

  /isstream@0.1.2:
    resolution: {integrity: sha1-R+Y/evVa+m+S4VAOaQ64uFKcCZo=}
    dev: false

  /jsbn@0.1.1:
    resolution: {integrity: sha1-peZUwuWi3rXyAdls77yoDA7y9RM=}
    dev: false

  /json-schema-traverse@0.4.1:
    resolution: {integrity: sha512-xbbCH5dCYU5T8LcEhhuh7HJ88HXuW3qsI3Y0zOZFKfZEHcpWiHU/Jxzk629Brsab/mMiHQti9wMP+845RPe3Vg==}
    dev: false

  /json-schema@0.2.3:
    resolution: {integrity: sha1-tIDIkuWaLwWVTOcnvT8qTogvnhM=}
    dev: false

  /json-stringify-safe@5.0.1:
    resolution: {integrity: sha1-Epai1Y/UXxmg9s4B1lcB4sc1tus=}
    dev: false

  /jsprim@1.4.1:
    resolution: {integrity: sha1-MT5mvB5cwG5Di8G3SZwuXFastqI=}
    engines: {'0': node >=0.6.0}
    dependencies:
      assert-plus: 1.0.0
      extsprintf: 1.3.0
      json-schema: 0.2.3
      verror: 1.10.0
    dev: false

  /mime-db@1.44.0:
    resolution: {integrity: sha512-/NOTfLrsPBVeH7YtFPgsVWveuL+4SjjYxaQ1xtM1KMFj7HdxlBlxeyNLzhyJVx7r4rZGJAZ/6lkKCitSc/Nmpg==}
    engines: {node: '>= 0.6'}
    dev: false

  /mime-types@2.1.27:
    resolution: {integrity: sha512-JIhqnCasI9yD+SsmkquHBxTSEuZdQX5BuQnS2Vc7puQQQ+8yiP5AY5uWhpdv4YL4VM5c6iliiYWPgJ/nJQLp7w==}
    engines: {node: '>= 0.6'}
    dependencies:
      mime-db: 1.44.0
    dev: false

  /node-fetch@2.6.0:
    resolution: {integrity: sha512-8dG4H5ujfvFiqDmVu9fQ5bOHUC15JMjMY/Zumv26oOvvVJjM67KF8koCWIabKQ1GJIa9r2mMZscBq/TbdOcmNA==}
    engines: {node: 4.x || >=6.0.0}
    dev: false

  /oauth-sign@0.9.0:
    resolution: {integrity: sha512-fexhUFFPTGV8ybAtSIGbV6gOkSv8UtRbDBnAyLQw4QPKkgNlsH2ByPGtMUqdWkos6YCRmAqViwgZrJc/mRDzZQ==}
    dev: false

  /performance-now@2.1.0:
    resolution: {integrity: sha1-Ywn04OX6kT7BxpMHrjZLSzd8nns=}
    dev: false

  /prism-media@1.2.2:
    resolution: {integrity: sha512-I+nkWY212lJ500jLe4tN9tWO7nRiBAVdMv76P9kffZjYhw20raMlW1HSSvS+MLXC9MmbNZCazMrAr+5jEEgTuw==}
    peerDependencies:
      '@discordjs/opus': ^0.1.0
      ffmpeg-static: ^2.4.0 || ^3.0.0
      node-opus: ^0.3.1
      opusscript: ^0.0.6
    peerDependenciesMeta:
      '@discordjs/opus':
        optional: true
      ffmpeg-static:
        optional: true
      node-opus:
        optional: true
      opusscript:
        optional: true
    dev: false

  /psl@1.8.0:
    resolution: {integrity: sha512-RIdOzyoavK+hA18OGGWDqUTsCLhtA7IcZ/6NCs4fFJaHBDab+pDDmDIByWFRQJq2Cd7r1OoQxBGKOaztq+hjIQ==}
    dev: false

  /punycode@2.1.1:
    resolution: {integrity: sha512-XRsRjdf+j5ml+y/6GKHPZbrF/8p2Yga0JPtdqTIY2Xe5ohJPD9saDJJLPvp9+NSBprVvevdXZybnj2cv8OEd0A==}
    engines: {node: '>=6'}
    dev: false

  /qs@6.5.2:
    resolution: {integrity: sha512-N5ZAX4/LxJmF+7wN74pUD6qAh9/wnvdQcjq9TZjevvXzSUo7bfmw91saqMjzGS2xq91/odN2dW/WOl7qQHNDGA==}
    engines: {node: '>=0.6'}
    dev: false

  /readable-stream@1.0.34:
    resolution: {integrity: sha1-Elgg40vIQtLyqq+v5MKRbuMsFXw=}
    dependencies:
      core-util-is: 1.0.2
      inherits: 2.0.4
      isarray: 0.0.1
      string_decoder: 0.10.31
    dev: false

  /request@2.88.2:
    resolution: {integrity: sha512-MsvtOrfG9ZcrOwAW+Qi+F6HbD0CWXEh9ou77uOb7FM2WPhwT7smM833PzanhJLsgXjN89Ir6V2PczXNnMpwKhw==}
    engines: {node: '>= 6'}
    deprecated: request has been deprecated, see https://github.com/request/request/issues/3142
    dependencies:
      aws-sign2: 0.7.0
      aws4: 1.10.0
      caseless: 0.12.0
      combined-stream: 1.0.8
      extend: 3.0.2
      forever-agent: 0.6.1
      form-data: 2.3.3
      har-validator: 5.1.3
      http-signature: 1.2.0
      is-typedarray: 1.0.0
      isstream: 0.1.2
      json-stringify-safe: 5.0.1
      mime-types: 2.1.27
      oauth-sign: 0.9.0
      performance-now: 2.1.0
      qs: 6.5.2
      safe-buffer: 5.2.1
      tough-cookie: 2.5.0
      tunnel-agent: 0.6.0
      uuid: 3.4.0
    dev: false

  /rss-feed-emitter@3.1.2:
    resolution: {integrity: sha512-o9YrrbMlg2jP5TmaLe7v3sv4VOrmv9ReFvjnPi2z4n2heK/9fnYVVl2X4d+g1XsYSc+NiXIt6659KFDrss0KwA==}
    engines: {node: '>=8.16.2'}
    dependencies:
      feedparser: 1.1.4
      request: 2.88.2
    dev: false

  /safe-buffer@5.2.1:
    resolution: {integrity: sha512-rp3So07KcdmmKbGvgaNxQSJr7bGVSVk5S9Eq1F+ppbRo70+YeaDxkw5Dd8NPN+GD6bjnYm2VuPuCXmpuYvmCXQ==}
    dev: false

  /safer-buffer@2.1.2:
    resolution: {integrity: sha512-YZo3K82SD7Riyi0E1EQPojLz7kpepnSQI9IyPbHHg1XXXevb5dJI7tpyN2ADxGcQbHG7vcyRHk0cbwqcQriUtg==}
    dev: false

  /sax@0.6.1:
    resolution: {integrity: sha1-VjsZx8HeiS4Jv8Ty/DDjwn8JUrk=}
    dev: false

  /setimmediate@1.0.5:
    resolution: {integrity: sha1-KQy7Iy4waULX1+qbg3Mqt4VvgoU=}
    dev: false

  /sshpk@1.16.1:
    resolution: {integrity: sha512-HXXqVUq7+pcKeLqqZj6mHFUMvXtOJt1uoUx09pFW6011inTMxqI8BA8PM95myrIyyKwdnzjdFjLiE6KBPVtJIg==}
    engines: {node: '>=0.10.0'}
    hasBin: true
    dependencies:
      asn1: 0.2.4
      assert-plus: 1.0.0
      bcrypt-pbkdf: 1.0.2
      dashdash: 1.14.1
      ecc-jsbn: 0.1.2
      getpass: 0.1.7
      jsbn: 0.1.1
      safer-buffer: 2.1.2
      tweetnacl: 0.14.5
    dev: false

  /string_decoder@0.10.31:
    resolution: {integrity: sha1-YuIDvEF2bGwoyfyEMB2rHFMQ+pQ=}
    dev: false

  /tough-cookie@2.5.0:
    resolution: {integrity: sha512-nlLsUzgm1kfLXSXfRZMc1KLAugd4hqJHDTvc2hDIwS3mZAfMEuMbc03SujMF+GEcpaX/qboeycw6iO8JwVv2+g==}
    engines: {node: '>=0.8'}
    dependencies:
      psl: 1.8.0
      punycode: 2.1.1
    dev: false

  /tunnel-agent@0.6.0:
    resolution: {integrity: sha1-J6XeoGs2sEoKmWZ3SykIaPD8QP0=}
    dependencies:
      safe-buffer: 5.2.1
    dev: false

  /tweetnacl@0.14.5:
    resolution: {integrity: sha1-WuaBd/GS1EViadEIr6k/+HQ/T2Q=}
    dev: false

  /tweetnacl@1.0.3:
    resolution: {integrity: sha512-6rt+RN7aOi1nGMyC4Xa5DdYiukl2UWCbcJft7YhxReBGQD7OAM8Pbxw6YMo4r2diNEA8FEmu32YOn9rhaiE5yw==}
    dev: false

  /uri-js@4.2.2:
    resolution: {integrity: sha512-KY9Frmirql91X2Qgjry0Wd4Y+YTdrdZheS8TFwvkbLWf/G5KNJDCh6pKL5OZctEW4+0Baa5idK2ZQuELRwPznQ==}
    dependencies:
      punycode: 2.1.1
    dev: false

  /uuid@3.4.0:
    resolution: {integrity: sha512-HjSDRw6gZE5JMggctHBcjVak08+KEVhSIiDzFnT9S9aegmp85S/bReBVTb4QTFaRNptJ9kuYaNhnbNEOkbKb/A==}
    hasBin: true
    dev: false

  /verror@1.10.0:
    resolution: {integrity: sha1-OhBcoXBTr1XW4nDB+CiGguGNpAA=}
    engines: {'0': node >=0.6.0}
    dependencies:
      assert-plus: 1.0.0
      core-util-is: 1.0.2
      extsprintf: 1.3.0
    dev: false

  /ws@7.3.0:
    resolution: {integrity: sha512-iFtXzngZVXPGgpTlP1rBqsUK82p9tKqsWRPg5L56egiljujJT3vGAYnHANvFxBieXrTFavhzhxW52jnaWV+w2w==}
    engines: {node: '>=8.3.0'}
    peerDependencies:
      bufferutil: ^4.0.1
      utf-8-validate: ^5.0.2
    peerDependenciesMeta:
      bufferutil:
        optional: true
      utf-8-validate:
        optional: true
    dev: false
